
Microsoft Visual Studio Solution File, Format Version 12.00
# Visual Studio Version 17
VisualStudioVersion = 17.13.35825.156
MinimumVisualStudioVersion = 10.0.40219.1
Project("{FAE04EC0-301F-11D3-BF4B-00C04F79EFBC}") = "Diagram", "Diagram\Diagram.csproj", "{24236DA6-5DAE-4B31-A079-6EFCF466FD79}"
EndProject
Project("{FAE04EC0-301F-11D3-BF4B-00C04F79EFBC}") = "Business", "Business\Business.csproj", "{8904F9A8-F53E-46EB-A807-42E3974D9F1F}"
EndProject
Project("{FAE04EC0-301F-11D3-BF4B-00C04F79EFBC}") = "Data", "Data\Data.csproj", "{1DD6D86D-30A7-4A0E-835A-FB071DABEF25}"
EndProject
Project("{FAE04EC0-301F-11D3-BF4B-00C04F79EFBC}") = "Entity", "Entity\Entity.csproj", "{AD502254-FA18-4D21-BAC1-3C33C0E1C44C}"
EndProject
Project("{FAE04EC0-301F-11D3-BF4B-00C04F79EFBC}") = "Utilities", "Utilities\Utilities.csproj", "{75DDA498-36F2-44B7-88B9-927C981E7094}"
EndProject
Project("{FAE04EC0-301F-11D3-BF4B-00C04F79EFBC}") = "Web", "Web\Web.csproj", "{0FA65BEB-5E8E-42D5-8ADE-76E8CC736AD9}"
EndProject
Global
	GlobalSection(SolutionConfigurationPlatforms) = preSolution
		Debug|Any CPU = Debug|Any CPU
		Release|Any CPU = Release|Any CPU
	EndGlobalSection
	GlobalSection(ProjectConfigurationPlatforms) = postSolution
		{24236DA6-5DAE-4B31-A079-6EFCF466FD79}.Debug|Any CPU.ActiveCfg = Debug|Any CPU
		{24236DA6-5DAE-4B31-A079-6EFCF466FD79}.Debug|Any CPU.Build.0 = Debug|Any CPU
		{24236DA6-5DAE-4B31-A079-6EFCF466FD79}.Release|Any CPU.ActiveCfg = Release|Any CPU
		{24236DA6-5DAE-4B31-A079-6EFCF466FD79}.Release|Any CPU.Build.0 = Release|Any CPU
		{8904F9A8-F53E-46EB-A807-42E3974D9F1F}.Debug|Any CPU.ActiveCfg = Debug|Any CPU
		{8904F9A8-F53E-46EB-A807-42E3974D9F1F}.Debug|Any CPU.Build.0 = Debug|Any CPU
		{8904F9A8-F53E-46EB-A807-42E3974D9F1F}.Release|Any CPU.ActiveCfg = Release|Any CPU
		{8904F9A8-F53E-46EB-A807-42E3974D9F1F}.Release|Any CPU.Build.0 = Release|Any CPU
		{1DD6D86D-30A7-4A0E-835A-FB071DABEF25}.Debug|Any CPU.ActiveCfg = Debug|Any CPU
		{1DD6D86D-30A7-4A0E-835A-FB071DABEF25}.Debug|Any CPU.Build.0 = Debug|Any CPU
		{1DD6D86D-30A7-4A0E-835A-FB071DABEF25}.Release|Any CPU.ActiveCfg = Release|Any CPU
		{1DD6D86D-30A7-4A0E-835A-FB071DABEF25}.Release|Any CPU.Build.0 = Release|Any CPU
		{AD502254-FA18-4D21-BAC1-3C33C0E1C44C}.Debug|Any CPU.ActiveCfg = Debug|Any CPU
		{AD502254-FA18-4D21-BAC1-3C33C0E1C44C}.Debug|Any CPU.Build.0 = Debug|Any CPU
		{AD502254-FA18-4D21-BAC1-3C33C0E1C44C}.Release|Any CPU.ActiveCfg = Release|Any CPU
		{AD502254-FA18-4D21-BAC1-3C33C0E1C44C}.Release|Any CPU.Build.0 = Release|Any CPU
		{75DDA498-36F2-44B7-88B9-927C981E7094}.Debug|Any CPU.ActiveCfg = Debug|Any CPU
		{75DDA498-36F2-44B7-88B9-927C981E7094}.Debug|Any CPU.Build.0 = Debug|Any CPU
		{75DDA498-36F2-44B7-88B9-927C981E7094}.Release|Any CPU.ActiveCfg = Release|Any CPU
		{75DDA498-36F2-44B7-88B9-927C981E7094}.Release|Any CPU.Build.0 = Release|Any CPU
		{0FA65BEB-5E8E-42D5-8ADE-76E8CC736AD9}.Debug|Any CPU.ActiveCfg = Debug|Any CPU
		{0FA65BEB-5E8E-42D5-8ADE-76E8CC736AD9}.Debug|Any CPU.Build.0 = Debug|Any CPU
		{0FA65BEB-5E8E-42D5-8ADE-76E8CC736AD9}.Release|Any CPU.ActiveCfg = Release|Any CPU
		{0FA65BEB-5E8E-42D5-8ADE-76E8CC736AD9}.Release|Any CPU.Build.0 = Release|Any CPU
	EndGlobalSection
	GlobalSection(SolutionProperties) = preSolution
		HideSolutionNode = FALSE
	EndGlobalSection
	GlobalSection(ExtensibilityGlobals) = postSolution
		SolutionGuid = {1F0ADBBD-19F7-4F17-957B-CC73437A130E}
	EndGlobalSection
EndGlobal
